
Microsoft Visual Studio Solution File, Format Version 12.00
# Visual Studio Version 17
VisualStudioVersion = 17.14.36811.4
MinimumVisualStudioVersion = 10.0.40219.1
Project("{FAE04EC0-301F-11D3-BF4B-00C04F79EFBC}") = "TCP_Study", "TCP_Study\TCP_Study.csproj", "{1F40F9EE-70E2-40B5-A354-C316ACEEAACB}"
EndProject
Project("{FAE04EC0-301F-11D3-BF4B-00C04F79EFBC}") = "COMMON", "COMMON\COMMON.csproj", "{606E8FD4-B660-475B-A891-82185C7CAD8A}"
EndProject
Project("{FAE04EC0-301F-11D3-BF4B-00C04F79EFBC}") = "UDP_Study_Server", "UDP_Study_Server\UDP_Study_Server.csproj", "{35850C0D-7997-4FC6-961C-CA21DBFDF7E5}"
EndProject
Project("{FAE04EC0-301F-11D3-BF4B-00C04F79EFBC}") = "UDP_Study_Client", "UDP_Study_Client\UDP_Study_Client.csproj", "{FAD1B108-CC88-42D9-928B-F77BB0122381}"
EndProject
Project("{FAE04EC0-301F-11D3-BF4B-00C04F79EFBC}") = "UDP_Monitoring_Server", "UDP_Monitoring_Server\UDP_Monitoring_Server.csproj", "{C9DF8B87-3B1C-4D05-9405-20BD094C0E5F}"
EndProject
Global
	GlobalSection(SolutionConfigurationPlatforms) = preSolution
		Debug|Any CPU = Debug|Any CPU
		Debug|x64 = Debug|x64
		Release|Any CPU = Release|Any CPU
		Release|x64 = Release|x64
	EndGlobalSection
	GlobalSection(ProjectConfigurationPlatforms) = postSolution
		{1F40F9EE-70E2-40B5-A354-C316ACEEAACB}.Debug|Any CPU.ActiveCfg = Debug|Any CPU
		{1F40F9EE-70E2-40B5-A354-C316ACEEAACB}.Debug|Any CPU.Build.0 = Debug|Any CPU
		{1F40F9EE-70E2-40B5-A354-C316ACEEAACB}.Debug|x64.ActiveCfg = Debug|x64
		{1F40F9EE-70E2-40B5-A354-C316ACEEAACB}.Debug|x64.Build.0 = Debug|x64
		{1F40F9EE-70E2-40B5-A354-C316ACEEAACB}.Release|Any CPU.ActiveCfg = Release|Any CPU
		{1F40F9EE-70E2-40B5-A354-C316ACEEAACB}.Release|Any CPU.Build.0 = Release|Any CPU
		{1F40F9EE-70E2-40B5-A354-C316ACEEAACB}.Release|x64.ActiveCfg = Release|x64
		{1F40F9EE-70E2-40B5-A354-C316ACEEAACB}.Release|x64.Build.0 = Release|x64
		{606E8FD4-B660-475B-A891-82185C7CAD8A}.Debug|Any CPU.ActiveCfg = Debug|Any CPU
		{606E8FD4-B660-475B-A891-82185C7CAD8A}.Debug|Any CPU.Build.0 = Debug|Any CPU
		{606E8FD4-B660-475B-A891-82185C7CAD8A}.Debug|x64.ActiveCfg = Debug|x64
		{606E8FD4-B660-475B-A891-82185C7CAD8A}.Debug|x64.Build.0 = Debug|x64
		{606E8FD4-B660-475B-A891-82185C7CAD8A}.Release|Any CPU.ActiveCfg = Release|Any CPU
		{606E8FD4-B660-475B-A891-82185C7CAD8A}.Release|Any CPU.Build.0 = Release|Any CPU
		{606E8FD4-B660-475B-A891-82185C7CAD8A}.Release|x64.ActiveCfg = Release|Any CPU
		{606E8FD4-B660-475B-A891-82185C7CAD8A}.Release|x64.Build.0 = Release|Any CPU
		{35850C0D-7997-4FC6-961C-CA21DBFDF7E5}.Debug|Any CPU.ActiveCfg = Debug|Any CPU
		{35850C0D-7997-4FC6-961C-CA21DBFDF7E5}.Debug|Any CPU.Build.0 = Debug|Any CPU
		{35850C0D-7997-4FC6-961C-CA21DBFDF7E5}.Debug|x64.ActiveCfg = Debug|x64
		{35850C0D-7997-4FC6-961C-CA21DBFDF7E5}.Debug|x64.Build.0 = Debug|x64
		{35850C0D-7997-4FC6-961C-CA21DBFDF7E5}.Release|Any CPU.ActiveCfg = Release|Any CPU
		{35850C0D-7997-4FC6-961C-CA21DBFDF7E5}.Release|Any CPU.Build.0 = Release|Any CPU
		{35850C0D-7997-4FC6-961C-CA21DBFDF7E5}.Release|x64.ActiveCfg = Release|Any CPU
		{35850C0D-7997-4FC6-961C-CA21DBFDF7E5}.Release|x64.Build.0 = Release|Any CPU
		{FAD1B108-CC88-42D9-928B-F77BB0122381}.Debug|Any CPU.ActiveCfg = Debug|Any CPU
		{FAD1B108-CC88-42D9-928B-F77BB0122381}.Debug|Any CPU.Build.0 = Debug|Any CPU
		{FAD1B108-CC88-42D9-928B-F77BB0122381}.Debug|x64.ActiveCfg = Debug|x64
		{FAD1B108-CC88-42D9-928B-F77BB0122381}.Debug|x64.Build.0 = Debug|x64
		{FAD1B108-CC88-42D9-928B-F77BB0122381}.Release|Any CPU.ActiveCfg = Release|Any CPU
		{FAD1B108-CC88-42D9-928B-F77BB0122381}.Release|Any CPU.Build.0 = Release|Any CPU
		{FAD1B108-CC88-42D9-928B-F77BB0122381}.Release|x64.ActiveCfg = Release|Any CPU
		{FAD1B108-CC88-42D9-928B-F77BB0122381}.Release|x64.Build.0 = Release|Any CPU
		{C9DF8B87-3B1C-4D05-9405-20BD094C0E5F}.Debug|Any CPU.ActiveCfg = Debug|Any CPU
		{C9DF8B87-3B1C-4D05-9405-20BD094C0E5F}.Debug|Any CPU.Build.0 = Debug|Any CPU
		{C9DF8B87-3B1C-4D05-9405-20BD094C0E5F}.Debug|x64.ActiveCfg = Debug|x64
		{C9DF8B87-3B1C-4D05-9405-20BD094C0E5F}.Debug|x64.Build.0 = Debug|x64
		{C9DF8B87-3B1C-4D05-9405-20BD094C0E5F}.Release|Any CPU.ActiveCfg = Release|Any CPU
		{C9DF8B87-3B1C-4D05-9405-20BD094C0E5F}.Release|Any CPU.Build.0 = Release|Any CPU
		{C9DF8B87-3B1C-4D05-9405-20BD094C0E5F}.Release|x64.ActiveCfg = Release|Any CPU
		{C9DF8B87-3B1C-4D05-9405-20BD094C0E5F}.Release|x64.Build.0 = Release|Any CPU
	EndGlobalSection
	GlobalSection(SolutionProperties) = preSolution
		HideSolutionNode = FALSE
	EndGlobalSection
	GlobalSection(ExtensibilityGlobals) = postSolution
		SolutionGuid = {98F2F62F-0281-4F07-83E7-3D3913AA6F5D}
	EndGlobalSection
EndGlobal
